
Microsoft Visual Studio Solution File, Format Version 12.00
# Visual Studio 14
VisualStudioVersion = 14.0.25420.1
MinimumVisualStudioVersion = 10.0.40219.1
Project("{8BC9CEB8-8B4A-11D0-8D11-00A0C91BC942}") = "nNc", "nNc\nNc.vcxproj", "{573E0630-377F-43D2-8348-8CC6B7E7896B}"
EndProject
Global
	GlobalSection(Performance) = preSolution
		HasPerformanceSessions = true
	EndGlobalSection
	GlobalSection(SolutionConfigurationPlatforms) = preSolution
		Debug|x64 = Debug|x64
		Debug|x86 = Debug|x86
		Release|x64 = Release|x64
		Release|x86 = Release|x86
	EndGlobalSection
	GlobalSection(ProjectConfigurationPlatforms) = postSolution
		{573E0630-377F-43D2-8348-8CC6B7E7896B}.Debug|x64.ActiveCfg = Debug|x64
		{573E0630-377F-43D2-8348-8CC6B7E7896B}.Debug|x64.Build.0 = Debug|x64
		{573E0630-377F-43D2-8348-8CC6B7E7896B}.Debug|x86.ActiveCfg = Debug|Win32
		{573E0630-377F-43D2-8348-8CC6B7E7896B}.Debug|x86.Build.0 = Debug|Win32
		{573E0630-377F-43D2-8348-8CC6B7E7896B}.Release|x64.ActiveCfg = Release|x64
		{573E0630-377F-43D2-8348-8CC6B7E7896B}.Release|x64.Build.0 = Release|x64
		{573E0630-377F-43D2-8348-8CC6B7E7896B}.Release|x86.ActiveCfg = Release|Win32
		{573E0630-377F-43D2-8348-8CC6B7E7896B}.Release|x86.Build.0 = Release|Win32
	EndGlobalSection
	GlobalSection(SolutionProperties) = preSolution
		HideSolutionNode = FALSE
	EndGlobalSection
EndGlobal
